
Microsoft Visual Studio Solution File, Format Version 12.00
# Visual Studio Version 17
VisualStudioVersion = 17.7.34031.279
MinimumVisualStudioVersion = 10.0.40219.1
Project("{9A19103F-16F7-4668-BE54-9A1E7A4F7556}") = "Adadd Aval", "ConsoleApp1\Adadd Aval.csproj", "{4ECC42C3-7383-47C3-B493-F50A32C6114E}"
EndProject
Global
	GlobalSection(SolutionConfigurationPlatforms) = preSolution
		Debug|Any CPU = Debug|Any CPU
		Release|Any CPU = Release|Any CPU
	EndGlobalSection
	GlobalSection(ProjectConfigurationPlatforms) = postSolution
		{4ECC42C3-7383-47C3-B493-F50A32C6114E}.Debug|Any CPU.ActiveCfg = Debug|Any CPU
		{4ECC42C3-7383-47C3-B493-F50A32C6114E}.Debug|Any CPU.Build.0 = Debug|Any CPU
		{4ECC42C3-7383-47C3-B493-F50A32C6114E}.Release|Any CPU.ActiveCfg = Release|Any CPU
		{4ECC42C3-7383-47C3-B493-F50A32C6114E}.Release|Any CPU.Build.0 = Release|Any CPU
	EndGlobalSection
	GlobalSection(SolutionProperties) = preSolution
		HideSolutionNode = FALSE
	EndGlobalSection
	GlobalSection(ExtensibilityGlobals) = postSolution
		SolutionGuid = {7E980AA3-C613-42DB-B4B1-ABE6A50E45F7}
	EndGlobalSection
EndGlobal
